
Microsoft Visual Studio Solution File, Format Version 12.00
# Visual Studio 15
VisualStudioVersion = 15.0.27428.2015
MinimumVisualStudioVersion = 10.0.40219.1
Project("{8BC9CEB8-8B4A-11D0-8D11-00A0C91BC942}") = "PE.Dumper", "PE.Dumper\PE.Dumper.vcxproj", "{22E42A36-0599-4497-A145-856510CB2EA0}"
EndProject
Global
	GlobalSection(SolutionConfigurationPlatforms) = preSolution
		Debug|x64 = Debug|x64
		Debug|x86 = Debug|x86
		Release|x64 = Release|x64
		Release|x86 = Release|x86
	EndGlobalSection
	GlobalSection(ProjectConfigurationPlatforms) = postSolution
		{22E42A36-0599-4497-A145-856510CB2EA0}.Debug|x64.ActiveCfg = Debug|x64
		{22E42A36-0599-4497-A145-856510CB2EA0}.Debug|x64.Build.0 = Debug|x64
		{22E42A36-0599-4497-A145-856510CB2EA0}.Debug|x86.ActiveCfg = Debug|Win32
		{22E42A36-0599-4497-A145-856510CB2EA0}.Debug|x86.Build.0 = Debug|Win32
		{22E42A36-0599-4497-A145-856510CB2EA0}.Release|x64.ActiveCfg = Release|x64
		{22E42A36-0599-4497-A145-856510CB2EA0}.Release|x64.Build.0 = Release|x64
		{22E42A36-0599-4497-A145-856510CB2EA0}.Release|x86.ActiveCfg = Release|Win32
		{22E42A36-0599-4497-A145-856510CB2EA0}.Release|x86.Build.0 = Release|Win32
	EndGlobalSection
	GlobalSection(SolutionProperties) = preSolution
		HideSolutionNode = FALSE
	EndGlobalSection
	GlobalSection(ExtensibilityGlobals) = postSolution
		SolutionGuid = {87730665-2DE4-4FBA-A90E-0BEF3439A7D3}
	EndGlobalSection
EndGlobal
